
Microsoft Visual Studio Solution File, Format Version 12.00
# Visual Studio Version 16
VisualStudioVersion = 16.0.33027.164
MinimumVisualStudioVersion = 10.0.40219.1
Project("{D2ABAB84-BF74-430A-B69E-9DC6D40DDA17}") = "Labo5", "Labo5\Labo5.dwproj", "{A9A746F4-932A-4937-B511-9108B6BCC853}"
EndProject
Global
	GlobalSection(SolutionConfigurationPlatforms) = preSolution
		Development|Default = Development|Default
	EndGlobalSection
	GlobalSection(ProjectConfigurationPlatforms) = postSolution
		{A9A746F4-932A-4937-B511-9108B6BCC853}.Development|Default.ActiveCfg = Development
		{A9A746F4-932A-4937-B511-9108B6BCC853}.Development|Default.Build.0 = Development
		{A9A746F4-932A-4937-B511-9108B6BCC853}.Development|Default.Deploy.0 = Development
	EndGlobalSection
	GlobalSection(SolutionProperties) = preSolution
		HideSolutionNode = FALSE
	EndGlobalSection
	GlobalSection(ExtensibilityGlobals) = postSolution
		SolutionGuid = {8A248E40-EEC4-4A49-8361-F5BBF422D75B}
	EndGlobalSection
EndGlobal
