
Microsoft Visual Studio Solution File, Format Version 12.00
Project("{FAE04EC0-301F-11D3-BF4B-00C04F79EFBC}") = "Labo1", "..\..\Labos\Labo1\Labo1.csproj", "{CA169492-000D-4BD3-8BF6-11CD6D2E43D2}"
EndProject
Project("{FAE04EC0-301F-11D3-BF4B-00C04F79EFBC}") = "Labo2", "..\..\Labos\Labo2\Labo2.csproj", "{EB457A38-B15E-460F-8E38-79DCF83E9584}"
EndProject
Global
	GlobalSection(SolutionConfigurationPlatforms) = preSolution
		Debug|Any CPU = Debug|Any CPU
		Release|Any CPU = Release|Any CPU
	EndGlobalSection
	GlobalSection(ProjectConfigurationPlatforms) = postSolution
		{CA169492-000D-4BD3-8BF6-11CD6D2E43D2}.Debug|Any CPU.ActiveCfg = Debug|Any CPU
		{CA169492-000D-4BD3-8BF6-11CD6D2E43D2}.Debug|Any CPU.Build.0 = Debug|Any CPU
		{CA169492-000D-4BD3-8BF6-11CD6D2E43D2}.Release|Any CPU.ActiveCfg = Release|Any CPU
		{CA169492-000D-4BD3-8BF6-11CD6D2E43D2}.Release|Any CPU.Build.0 = Release|Any CPU
		{EB457A38-B15E-460F-8E38-79DCF83E9584}.Debug|Any CPU.ActiveCfg = Debug|Any CPU
		{EB457A38-B15E-460F-8E38-79DCF83E9584}.Debug|Any CPU.Build.0 = Debug|Any CPU
		{EB457A38-B15E-460F-8E38-79DCF83E9584}.Release|Any CPU.ActiveCfg = Release|Any CPU
		{EB457A38-B15E-460F-8E38-79DCF83E9584}.Release|Any CPU.Build.0 = Release|Any CPU
	EndGlobalSection
EndGlobal
